
Microsoft Visual Studio Solution File, Format Version 12.00
# Visual Studio Version 17
VisualStudioVersion = 17.0.31903.59
MinimumVisualStudioVersion = 10.0.40219.1
Project("{2150E333-8FDC-42A3-9474-1A3956D46DE8}") = "src", "src", "{4959D891-907B-46B0-944E-B4D5A2A1A70B}"
EndProject
Project("{2150E333-8FDC-42A3-9474-1A3956D46DE8}") = "BuildingBlocks", "BuildingBlocks", "{2004A7C1-2BFF-4BDB-985A-E46719693457}"
EndProject
Project("{FAE04EC0-301F-11D3-BF4B-00C04F79EFBC}") = "IranJob.SharedKernel", "src\BuildingBlocks\IranJob.SharedKernel\IranJob.SharedKernel.csproj", "{1D60E784-AEDE-42A8-A2A7-F3257DC4B6D2}"
EndProject
Project("{FAE04EC0-301F-11D3-BF4B-00C04F79EFBC}") = "IranJob.BuildingBlocks.Infrastructure", "src\BuildingBlocks\IranJob.BuildingBlocks.Infrastructure\IranJob.BuildingBlocks.Infrastructure.csproj", "{CEA48517-14C7-475C-97D0-05DD13B01589}"
EndProject
Project("{2150E333-8FDC-42A3-9474-1A3956D46DE8}") = "Host", "Host", "{12344761-4AA2-4DB8-B306-65451CEA0944}"
EndProject
Project("{FAE04EC0-301F-11D3-BF4B-00C04F79EFBC}") = "IranJob.Api", "src\Host\IranJob.Api\IranJob.Api.csproj", "{91B0BA0B-204E-486F-8FE3-2599F61176AC}"
EndProject
Project("{2150E333-8FDC-42A3-9474-1A3956D46DE8}") = "Tests", "Tests", "{0B3525A4-E808-4420-B920-48BD4DD08870}"
EndProject
Project("{FAE04EC0-301F-11D3-BF4B-00C04F79EFBC}") = "IranJob.UnitTests", "Tests\IranJob.UnitTests\IranJob.UnitTests.csproj", "{8CA07D18-A77E-4AE6-8688-63BAC836B4BD}"
EndProject
Project("{FAE04EC0-301F-11D3-BF4B-00C04F79EFBC}") = "IranJob.IntegrationTests", "Tests\IranJob.IntegrationTests\IranJob.IntegrationTests.csproj", "{CD06EB56-3DF9-427B-8DC4-63BCD6E1442A}"
EndProject
Project("{2150E333-8FDC-42A3-9474-1A3956D46DE8}") = "Modules", "Modules", "{32A2E3F5-837C-D6EA-1372-6E29A73F624D}"
EndProject
Project("{2150E333-8FDC-42A3-9474-1A3956D46DE8}") = "Identity", "Identity", "{F2A7FF18-FD9C-929D-05EA-DAC4705A769D}"
EndProject
Project("{FAE04EC0-301F-11D3-BF4B-00C04F79EFBC}") = "IranJob.Modules.Identity.Domain", "src\Modules\Identity\IranJob.Modules.Identity.Domain\IranJob.Modules.Identity.Domain.csproj", "{BBF43FA7-E1BD-4AB5-A94A-23D6EE1D155E}"
EndProject
Project("{FAE04EC0-301F-11D3-BF4B-00C04F79EFBC}") = "IranJob.Modules.Identity.Application", "src\Modules\Identity\IranJob.Modules.Identity.Application\IranJob.Modules.Identity.Application.csproj", "{3034CC16-8450-4DC3-A72D-A38139F2FAAE}"
EndProject
Project("{FAE04EC0-301F-11D3-BF4B-00C04F79EFBC}") = "IranJob.Modules.Identity.Infrastructure", "src\Modules\Identity\IranJob.Modules.Identity.Infrastructure\IranJob.Modules.Identity.Infrastructure.csproj", "{0D240445-9BE1-4ED5-AD08-5BDF55A26978}"
EndProject
Project("{FAE04EC0-301F-11D3-BF4B-00C04F79EFBC}") = "IranJob.Modules.Identity.Presentation", "src\Modules\Identity\IranJob.Modules.Identity.Presentation\IranJob.Modules.Identity.Presentation.csproj", "{E96BAA4A-4964-4247-9F4F-823F4ABC080F}"
EndProject
Project("{2150E333-8FDC-42A3-9474-1A3956D46DE8}") = "Candidates", "Candidates", "{B3C4D5E6-F2A7-4859-9061-A7B8C9D0E1F2}"
EndProject
Project("{FAE04EC0-301F-11D3-BF4B-00C04F79EFBC}") = "IranJob.Modules.Candidates.Domain", "src\Modules\Candidates\IranJob.Modules.Candidates.Domain\IranJob.Modules.Candidates.Domain.csproj", "{7C0F3E12-4A8B-4C1D-9E52-63F0A1B2C3D4}"
EndProject
Project("{FAE04EC0-301F-11D3-BF4B-00C04F79EFBC}") = "IranJob.Modules.Candidates.Application", "src\Modules\Candidates\IranJob.Modules.Candidates.Application\IranJob.Modules.Candidates.Application.csproj", "{8D1E4F23-5B9C-4D2E-AF63-7401B2C3D4E5}"
EndProject
Project("{FAE04EC0-301F-11D3-BF4B-00C04F79EFBC}") = "IranJob.Modules.Candidates.Infrastructure", "src\Modules\Candidates\IranJob.Modules.Candidates.Infrastructure\IranJob.Modules.Candidates.Infrastructure.csproj", "{9E2F5A34-6C0D-4E3F-B074-8512C3D4E5F6}"
EndProject
Project("{FAE04EC0-301F-11D3-BF4B-00C04F79EFBC}") = "IranJob.Modules.Candidates.Presentation", "src\Modules\Candidates\IranJob.Modules.Candidates.Presentation\IranJob.Modules.Candidates.Presentation.csproj", "{AF3A6B45-7D1E-4F40-C185-9623D4E5F607}"
EndProject
Project("{2150E333-8FDC-42A3-9474-1A3956D46DE8}") = "EmployerProfile", "EmployerProfile", "{02EA681E-C7D8-13C7-8484-4AC65E1B71E8}"
EndProject
Project("{FAE04EC0-301F-11D3-BF4B-00C04F79EFBC}") = "IranJob.Modules.EmployerProfile.Domain", "IranJob.Modules.EmployerProfile.Domain\IranJob.Modules.EmployerProfile.Domain.csproj", "{82BCD76B-1F30-4CA1-83F7-73E51C137B20}"
EndProject
Project("{FAE04EC0-301F-11D3-BF4B-00C04F79EFBC}") = "IranJob.Modules.EmployerProfile.Application", "IranJob.Modules.EmployerProfile.Application\IranJob.Modules.EmployerProfile.Application.csproj", "{7A5F0EEA-F5CE-4CBF-90CD-19C44EFA75C7}"
EndProject
Project("{FAE04EC0-301F-11D3-BF4B-00C04F79EFBC}") = "IranJob.Modules.EmployerProfile.Infrastructure", "IranJob.Modules.EmployerProfile.Infrastructure\IranJob.Modules.EmployerProfile.Infrastructure.csproj", "{F033C54B-7EFC-41F8-8745-4C108EAC2FF3}"
EndProject
Project("{FAE04EC0-301F-11D3-BF4B-00C04F79EFBC}") = "IranJob.Modules.EmployerProfile.Presentation", "IranJob.Modules.EmployerProfile.Presentation\IranJob.Modules.EmployerProfile.Presentation.csproj", "{AED3C0FC-1A1C-465E-BAAF-53CA71F0CF03}"
EndProject
Global
	GlobalSection(SolutionConfigurationPlatforms) = preSolution
		Debug|Any CPU = Debug|Any CPU
		Debug|x64 = Debug|x64
		Debug|x86 = Debug|x86
		Release|Any CPU = Release|Any CPU
		Release|x64 = Release|x64
		Release|x86 = Release|x86
	EndGlobalSection
	GlobalSection(ProjectConfigurationPlatforms) = postSolution
		{1D60E784-AEDE-42A8-A2A7-F3257DC4B6D2}.Debug|Any CPU.ActiveCfg = Debug|Any CPU
		{1D60E784-AEDE-42A8-A2A7-F3257DC4B6D2}.Debug|Any CPU.Build.0 = Debug|Any CPU
		{1D60E784-AEDE-42A8-A2A7-F3257DC4B6D2}.Debug|x64.ActiveCfg = Debug|Any CPU
		{1D60E784-AEDE-42A8-A2A7-F3257DC4B6D2}.Debug|x64.Build.0 = Debug|Any CPU
		{1D60E784-AEDE-42A8-A2A7-F3257DC4B6D2}.Debug|x86.ActiveCfg = Debug|Any CPU
		{1D60E784-AEDE-42A8-A2A7-F3257DC4B6D2}.Debug|x86.Build.0 = Debug|Any CPU
		{1D60E784-AEDE-42A8-A2A7-F3257DC4B6D2}.Release|Any CPU.ActiveCfg = Release|Any CPU
		{1D60E784-AEDE-42A8-A2A7-F3257DC4B6D2}.Release|Any CPU.Build.0 = Release|Any CPU
		{1D60E784-AEDE-42A8-A2A7-F3257DC4B6D2}.Release|x64.ActiveCfg = Release|Any CPU
		{1D60E784-AEDE-42A8-A2A7-F3257DC4B6D2}.Release|x64.Build.0 = Release|Any CPU
		{1D60E784-AEDE-42A8-A2A7-F3257DC4B6D2}.Release|x86.ActiveCfg = Release|Any CPU
		{1D60E784-AEDE-42A8-A2A7-F3257DC4B6D2}.Release|x86.Build.0 = Release|Any CPU
		{CEA48517-14C7-475C-97D0-05DD13B01589}.Debug|Any CPU.ActiveCfg = Debug|Any CPU
		{CEA48517-14C7-475C-97D0-05DD13B01589}.Debug|Any CPU.Build.0 = Debug|Any CPU
		{CEA48517-14C7-475C-97D0-05DD13B01589}.Debug|x64.ActiveCfg = Debug|Any CPU
		{CEA48517-14C7-475C-97D0-05DD13B01589}.Debug|x64.Build.0 = Debug|Any CPU
		{CEA48517-14C7-475C-97D0-05DD13B01589}.Debug|x86.ActiveCfg = Debug|Any CPU
		{CEA48517-14C7-475C-97D0-05DD13B01589}.Debug|x86.Build.0 = Debug|Any CPU
		{CEA48517-14C7-475C-97D0-05DD13B01589}.Release|Any CPU.ActiveCfg = Release|Any CPU
		{CEA48517-14C7-475C-97D0-05DD13B01589}.Release|Any CPU.Build.0 = Release|Any CPU
		{CEA48517-14C7-475C-97D0-05DD13B01589}.Release|x64.ActiveCfg = Release|Any CPU
		{CEA48517-14C7-475C-97D0-05DD13B01589}.Release|x64.Build.0 = Release|Any CPU
		{CEA48517-14C7-475C-97D0-05DD13B01589}.Release|x86.ActiveCfg = Release|Any CPU
		{CEA48517-14C7-475C-97D0-05DD13B01589}.Release|x86.Build.0 = Release|Any CPU
		{91B0BA0B-204E-486F-8FE3-2599F61176AC}.Debug|Any CPU.ActiveCfg = Debug|Any CPU
		{91B0BA0B-204E-486F-8FE3-2599F61176AC}.Debug|Any CPU.Build.0 = Debug|Any CPU
		{91B0BA0B-204E-486F-8FE3-2599F61176AC}.Debug|x64.ActiveCfg = Debug|Any CPU
		{91B0BA0B-204E-486F-8FE3-2599F61176AC}.Debug|x64.Build.0 = Debug|Any CPU
		{91B0BA0B-204E-486F-8FE3-2599F61176AC}.Debug|x86.ActiveCfg = Debug|Any CPU
		{91B0BA0B-204E-486F-8FE3-2599F61176AC}.Debug|x86.Build.0 = Debug|Any CPU
		{91B0BA0B-204E-486F-8FE3-2599F61176AC}.Release|Any CPU.ActiveCfg = Release|Any CPU
		{91B0BA0B-204E-486F-8FE3-2599F61176AC}.Release|Any CPU.Build.0 = Release|Any CPU
		{91B0BA0B-204E-486F-8FE3-2599F61176AC}.Release|x64.ActiveCfg = Release|Any CPU
		{91B0BA0B-204E-486F-8FE3-2599F61176AC}.Release|x64.Build.0 = Release|Any CPU
		{91B0BA0B-204E-486F-8FE3-2599F61176AC}.Release|x86.ActiveCfg = Release|Any CPU
		{91B0BA0B-204E-486F-8FE3-2599F61176AC}.Release|x86.Build.0 = Release|Any CPU
		{8CA07D18-A77E-4AE6-8688-63BAC836B4BD}.Debug|Any CPU.ActiveCfg = Debug|Any CPU
		{8CA07D18-A77E-4AE6-8688-63BAC836B4BD}.Debug|Any CPU.Build.0 = Debug|Any CPU
		{8CA07D18-A77E-4AE6-8688-63BAC836B4BD}.Debug|x64.ActiveCfg = Debug|Any CPU
		{8CA07D18-A77E-4AE6-8688-63BAC836B4BD}.Debug|x64.Build.0 = Debug|Any CPU
		{8CA07D18-A77E-4AE6-8688-63BAC836B4BD}.Debug|x86.ActiveCfg = Debug|Any CPU
		{8CA07D18-A77E-4AE6-8688-63BAC836B4BD}.Debug|x86.Build.0 = Debug|Any CPU
		{8CA07D18-A77E-4AE6-8688-63BAC836B4BD}.Release|Any CPU.ActiveCfg = Release|Any CPU
		{8CA07D18-A77E-4AE6-8688-63BAC836B4BD}.Release|Any CPU.Build.0 = Release|Any CPU
		{8CA07D18-A77E-4AE6-8688-63BAC836B4BD}.Release|x64.ActiveCfg = Release|Any CPU
		{8CA07D18-A77E-4AE6-8688-63BAC836B4BD}.Release|x64.Build.0 = Release|Any CPU
		{8CA07D18-A77E-4AE6-8688-63BAC836B4BD}.Release|x86.ActiveCfg = Release|Any CPU
		{8CA07D18-A77E-4AE6-8688-63BAC836B4BD}.Release|x86.Build.0 = Release|Any CPU
		{CD06EB56-3DF9-427B-8DC4-63BCD6E1442A}.Debug|Any CPU.ActiveCfg = Debug|Any CPU
		{CD06EB56-3DF9-427B-8DC4-63BCD6E1442A}.Debug|Any CPU.Build.0 = Debug|Any CPU
		{CD06EB56-3DF9-427B-8DC4-63BCD6E1442A}.Debug|x64.ActiveCfg = Debug|Any CPU
		{CD06EB56-3DF9-427B-8DC4-63BCD6E1442A}.Debug|x64.Build.0 = Debug|Any CPU
		{CD06EB56-3DF9-427B-8DC4-63BCD6E1442A}.Debug|x86.ActiveCfg = Debug|Any CPU
		{CD06EB56-3DF9-427B-8DC4-63BCD6E1442A}.Debug|x86.Build.0 = Debug|Any CPU
		{CD06EB56-3DF9-427B-8DC4-63BCD6E1442A}.Release|Any CPU.ActiveCfg = Release|Any CPU
		{CD06EB56-3DF9-427B-8DC4-63BCD6E1442A}.Release|Any CPU.Build.0 = Release|Any CPU
		{CD06EB56-3DF9-427B-8DC4-63BCD6E1442A}.Release|x64.ActiveCfg = Release|Any CPU
		{CD06EB56-3DF9-427B-8DC4-63BCD6E1442A}.Release|x64.Build.0 = Release|Any CPU
		{CD06EB56-3DF9-427B-8DC4-63BCD6E1442A}.Release|x86.ActiveCfg = Release|Any CPU
		{CD06EB56-3DF9-427B-8DC4-63BCD6E1442A}.Release|x86.Build.0 = Release|Any CPU
		{BBF43FA7-E1BD-4AB5-A94A-23D6EE1D155E}.Debug|Any CPU.ActiveCfg = Debug|Any CPU
		{BBF43FA7-E1BD-4AB5-A94A-23D6EE1D155E}.Debug|Any CPU.Build.0 = Debug|Any CPU
		{BBF43FA7-E1BD-4AB5-A94A-23D6EE1D155E}.Debug|x64.ActiveCfg = Debug|Any CPU
		{BBF43FA7-E1BD-4AB5-A94A-23D6EE1D155E}.Debug|x64.Build.0 = Debug|Any CPU
		{BBF43FA7-E1BD-4AB5-A94A-23D6EE1D155E}.Debug|x86.ActiveCfg = Debug|Any CPU
		{BBF43FA7-E1BD-4AB5-A94A-23D6EE1D155E}.Debug|x86.Build.0 = Debug|Any CPU
		{BBF43FA7-E1BD-4AB5-A94A-23D6EE1D155E}.Release|Any CPU.ActiveCfg = Release|Any CPU
		{BBF43FA7-E1BD-4AB5-A94A-23D6EE1D155E}.Release|Any CPU.Build.0 = Release|Any CPU
		{BBF43FA7-E1BD-4AB5-A94A-23D6EE1D155E}.Release|x64.ActiveCfg = Release|Any CPU
		{BBF43FA7-E1BD-4AB5-A94A-23D6EE1D155E}.Release|x64.Build.0 = Release|Any CPU
		{BBF43FA7-E1BD-4AB5-A94A-23D6EE1D155E}.Release|x86.ActiveCfg = Release|Any CPU
		{BBF43FA7-E1BD-4AB5-A94A-23D6EE1D155E}.Release|x86.Build.0 = Release|Any CPU
		{3034CC16-8450-4DC3-A72D-A38139F2FAAE}.Debug|Any CPU.ActiveCfg = Debug|Any CPU
		{3034CC16-8450-4DC3-A72D-A38139F2FAAE}.Debug|Any CPU.Build.0 = Debug|Any CPU
		{3034CC16-8450-4DC3-A72D-A38139F2FAAE}.Debug|x64.ActiveCfg = Debug|Any CPU
		{3034CC16-8450-4DC3-A72D-A38139F2FAAE}.Debug|x64.Build.0 = Debug|Any CPU
		{3034CC16-8450-4DC3-A72D-A38139F2FAAE}.Debug|x86.ActiveCfg = Debug|Any CPU
		{3034CC16-8450-4DC3-A72D-A38139F2FAAE}.Debug|x86.Build.0 = Debug|Any CPU
		{3034CC16-8450-4DC3-A72D-A38139F2FAAE}.Release|Any CPU.ActiveCfg = Release|Any CPU
		{3034CC16-8450-4DC3-A72D-A38139F2FAAE}.Release|Any CPU.Build.0 = Release|Any CPU
		{3034CC16-8450-4DC3-A72D-A38139F2FAAE}.Release|x64.ActiveCfg = Release|Any CPU
		{3034CC16-8450-4DC3-A72D-A38139F2FAAE}.Release|x64.Build.0 = Release|Any CPU
		{3034CC16-8450-4DC3-A72D-A38139F2FAAE}.Release|x86.ActiveCfg = Release|Any CPU
		{3034CC16-8450-4DC3-A72D-A38139F2FAAE}.Release|x86.Build.0 = Release|Any CPU
		{0D240445-9BE1-4ED5-AD08-5BDF55A26978}.Debug|Any CPU.ActiveCfg = Debug|Any CPU
		{0D240445-9BE1-4ED5-AD08-5BDF55A26978}.Debug|Any CPU.Build.0 = Debug|Any CPU
		{0D240445-9BE1-4ED5-AD08-5BDF55A26978}.Debug|x64.ActiveCfg = Debug|Any CPU
		{0D240445-9BE1-4ED5-AD08-5BDF55A26978}.Debug|x64.Build.0 = Debug|Any CPU
		{0D240445-9BE1-4ED5-AD08-5BDF55A26978}.Debug|x86.ActiveCfg = Debug|Any CPU
		{0D240445-9BE1-4ED5-AD08-5BDF55A26978}.Debug|x86.Build.0 = Debug|Any CPU
		{0D240445-9BE1-4ED5-AD08-5BDF55A26978}.Release|Any CPU.ActiveCfg = Release|Any CPU
		{0D240445-9BE1-4ED5-AD08-5BDF55A26978}.Release|Any CPU.Build.0 = Release|Any CPU
		{0D240445-9BE1-4ED5-AD08-5BDF55A26978}.Release|x64.ActiveCfg = Release|Any CPU
		{0D240445-9BE1-4ED5-AD08-5BDF55A26978}.Release|x64.Build.0 = Release|Any CPU
		{0D240445-9BE1-4ED5-AD08-5BDF55A26978}.Release|x86.ActiveCfg = Release|Any CPU
		{0D240445-9BE1-4ED5-AD08-5BDF55A26978}.Release|x86.Build.0 = Release|Any CPU
		{E96BAA4A-4964-4247-9F4F-823F4ABC080F}.Debug|Any CPU.ActiveCfg = Debug|Any CPU
		{E96BAA4A-4964-4247-9F4F-823F4ABC080F}.Debug|Any CPU.Build.0 = Debug|Any CPU
		{E96BAA4A-4964-4247-9F4F-823F4ABC080F}.Debug|x64.ActiveCfg = Debug|Any CPU
		{E96BAA4A-4964-4247-9F4F-823F4ABC080F}.Debug|x64.Build.0 = Debug|Any CPU
		{E96BAA4A-4964-4247-9F4F-823F4ABC080F}.Debug|x86.ActiveCfg = Debug|Any CPU
		{E96BAA4A-4964-4247-9F4F-823F4ABC080F}.Debug|x86.Build.0 = Debug|Any CPU
		{E96BAA4A-4964-4247-9F4F-823F4ABC080F}.Release|Any CPU.ActiveCfg = Release|Any CPU
		{E96BAA4A-4964-4247-9F4F-823F4ABC080F}.Release|Any CPU.Build.0 = Release|Any CPU
		{E96BAA4A-4964-4247-9F4F-823F4ABC080F}.Release|x64.ActiveCfg = Release|Any CPU
		{E96BAA4A-4964-4247-9F4F-823F4ABC080F}.Release|x64.Build.0 = Release|Any CPU
		{E96BAA4A-4964-4247-9F4F-823F4ABC080F}.Release|x86.ActiveCfg = Release|Any CPU
		{E96BAA4A-4964-4247-9F4F-823F4ABC080F}.Release|x86.Build.0 = Release|Any CPU
		{7C0F3E12-4A8B-4C1D-9E52-63F0A1B2C3D4}.Debug|Any CPU.ActiveCfg = Debug|Any CPU
		{7C0F3E12-4A8B-4C1D-9E52-63F0A1B2C3D4}.Debug|Any CPU.Build.0 = Debug|Any CPU
		{7C0F3E12-4A8B-4C1D-9E52-63F0A1B2C3D4}.Debug|x64.ActiveCfg = Debug|Any CPU
		{7C0F3E12-4A8B-4C1D-9E52-63F0A1B2C3D4}.Debug|x64.Build.0 = Debug|Any CPU
		{7C0F3E12-4A8B-4C1D-9E52-63F0A1B2C3D4}.Debug|x86.ActiveCfg = Debug|Any CPU
		{7C0F3E12-4A8B-4C1D-9E52-63F0A1B2C3D4}.Debug|x86.Build.0 = Debug|Any CPU
		{7C0F3E12-4A8B-4C1D-9E52-63F0A1B2C3D4}.Release|Any CPU.ActiveCfg = Release|Any CPU
		{7C0F3E12-4A8B-4C1D-9E52-63F0A1B2C3D4}.Release|Any CPU.Build.0 = Release|Any CPU
		{7C0F3E12-4A8B-4C1D-9E52-63F0A1B2C3D4}.Release|x64.ActiveCfg = Release|Any CPU
		{7C0F3E12-4A8B-4C1D-9E52-63F0A1B2C3D4}.Release|x64.Build.0 = Release|Any CPU
		{7C0F3E12-4A8B-4C1D-9E52-63F0A1B2C3D4}.Release|x86.ActiveCfg = Release|Any CPU
		{7C0F3E12-4A8B-4C1D-9E52-63F0A1B2C3D4}.Release|x86.Build.0 = Release|Any CPU
		{8D1E4F23-5B9C-4D2E-AF63-7401B2C3D4E5}.Debug|Any CPU.ActiveCfg = Debug|Any CPU
		{8D1E4F23-5B9C-4D2E-AF63-7401B2C3D4E5}.Debug|Any CPU.Build.0 = Debug|Any CPU
		{8D1E4F23-5B9C-4D2E-AF63-7401B2C3D4E5}.Debug|x64.ActiveCfg = Debug|Any CPU
		{8D1E4F23-5B9C-4D2E-AF63-7401B2C3D4E5}.Debug|x64.Build.0 = Debug|Any CPU
		{8D1E4F23-5B9C-4D2E-AF63-7401B2C3D4E5}.Debug|x86.ActiveCfg = Debug|Any CPU
		{8D1E4F23-5B9C-4D2E-AF63-7401B2C3D4E5}.Debug|x86.Build.0 = Debug|Any CPU
		{8D1E4F23-5B9C-4D2E-AF63-7401B2C3D4E5}.Release|Any CPU.ActiveCfg = Release|Any CPU
		{8D1E4F23-5B9C-4D2E-AF63-7401B2C3D4E5}.Release|Any CPU.Build.0 = Release|Any CPU
		{8D1E4F23-5B9C-4D2E-AF63-7401B2C3D4E5}.Release|x64.ActiveCfg = Release|Any CPU
		{8D1E4F23-5B9C-4D2E-AF63-7401B2C3D4E5}.Release|x64.Build.0 = Release|Any CPU
		{8D1E4F23-5B9C-4D2E-AF63-7401B2C3D4E5}.Release|x86.ActiveCfg = Release|Any CPU
		{8D1E4F23-5B9C-4D2E-AF63-7401B2C3D4E5}.Release|x86.Build.0 = Release|Any CPU
		{9E2F5A34-6C0D-4E3F-B074-8512C3D4E5F6}.Debug|Any CPU.ActiveCfg = Debug|Any CPU
		{9E2F5A34-6C0D-4E3F-B074-8512C3D4E5F6}.Debug|Any CPU.Build.0 = Debug|Any CPU
		{9E2F5A34-6C0D-4E3F-B074-8512C3D4E5F6}.Debug|x64.ActiveCfg = Debug|Any CPU
		{9E2F5A34-6C0D-4E3F-B074-8512C3D4E5F6}.Debug|x64.Build.0 = Debug|Any CPU
		{9E2F5A34-6C0D-4E3F-B074-8512C3D4E5F6}.Debug|x86.ActiveCfg = Debug|Any CPU
		{9E2F5A34-6C0D-4E3F-B074-8512C3D4E5F6}.Debug|x86.Build.0 = Debug|Any CPU
		{9E2F5A34-6C0D-4E3F-B074-8512C3D4E5F6}.Release|Any CPU.ActiveCfg = Release|Any CPU
		{9E2F5A34-6C0D-4E3F-B074-8512C3D4E5F6}.Release|Any CPU.Build.0 = Release|Any CPU
		{9E2F5A34-6C0D-4E3F-B074-8512C3D4E5F6}.Release|x64.ActiveCfg = Release|Any CPU
		{9E2F5A34-6C0D-4E3F-B074-8512C3D4E5F6}.Release|x64.Build.0 = Release|Any CPU
		{9E2F5A34-6C0D-4E3F-B074-8512C3D4E5F6}.Release|x86.ActiveCfg = Release|Any CPU
		{9E2F5A34-6C0D-4E3F-B074-8512C3D4E5F6}.Release|x86.Build.0 = Release|Any CPU
		{AF3A6B45-7D1E-4F40-C185-9623D4E5F607}.Debug|Any CPU.ActiveCfg = Debug|Any CPU
		{AF3A6B45-7D1E-4F40-C185-9623D4E5F607}.Debug|Any CPU.Build.0 = Debug|Any CPU
		{AF3A6B45-7D1E-4F40-C185-9623D4E5F607}.Debug|x64.ActiveCfg = Debug|Any CPU
		{AF3A6B45-7D1E-4F40-C185-9623D4E5F607}.Debug|x64.Build.0 = Debug|Any CPU
		{AF3A6B45-7D1E-4F40-C185-9623D4E5F607}.Debug|x86.ActiveCfg = Debug|Any CPU
		{AF3A6B45-7D1E-4F40-C185-9623D4E5F607}.Debug|x86.Build.0 = Debug|Any CPU
		{AF3A6B45-7D1E-4F40-C185-9623D4E5F607}.Release|Any CPU.ActiveCfg = Release|Any CPU
		{AF3A6B45-7D1E-4F40-C185-9623D4E5F607}.Release|Any CPU.Build.0 = Release|Any CPU
		{AF3A6B45-7D1E-4F40-C185-9623D4E5F607}.Release|x64.ActiveCfg = Release|Any CPU
		{AF3A6B45-7D1E-4F40-C185-9623D4E5F607}.Release|x64.Build.0 = Release|Any CPU
		{AF3A6B45-7D1E-4F40-C185-9623D4E5F607}.Release|x86.ActiveCfg = Release|Any CPU
		{AF3A6B45-7D1E-4F40-C185-9623D4E5F607}.Release|x86.Build.0 = Release|Any CPU
		{82BCD76B-1F30-4CA1-83F7-73E51C137B20}.Debug|Any CPU.ActiveCfg = Debug|Any CPU
		{82BCD76B-1F30-4CA1-83F7-73E51C137B20}.Debug|Any CPU.Build.0 = Debug|Any CPU
		{82BCD76B-1F30-4CA1-83F7-73E51C137B20}.Debug|x64.ActiveCfg = Debug|Any CPU
		{82BCD76B-1F30-4CA1-83F7-73E51C137B20}.Debug|x64.Build.0 = Debug|Any CPU
		{82BCD76B-1F30-4CA1-83F7-73E51C137B20}.Debug|x86.ActiveCfg = Debug|Any CPU
		{82BCD76B-1F30-4CA1-83F7-73E51C137B20}.Debug|x86.Build.0 = Debug|Any CPU
		{82BCD76B-1F30-4CA1-83F7-73E51C137B20}.Release|Any CPU.ActiveCfg = Release|Any CPU
		{82BCD76B-1F30-4CA1-83F7-73E51C137B20}.Release|Any CPU.Build.0 = Release|Any CPU
		{82BCD76B-1F30-4CA1-83F7-73E51C137B20}.Release|x64.ActiveCfg = Release|Any CPU
		{82BCD76B-1F30-4CA1-83F7-73E51C137B20}.Release|x64.Build.0 = Release|Any CPU
		{82BCD76B-1F30-4CA1-83F7-73E51C137B20}.Release|x86.ActiveCfg = Release|Any CPU
		{82BCD76B-1F30-4CA1-83F7-73E51C137B20}.Release|x86.Build.0 = Release|Any CPU
		{7A5F0EEA-F5CE-4CBF-90CD-19C44EFA75C7}.Debug|Any CPU.ActiveCfg = Debug|Any CPU
		{7A5F0EEA-F5CE-4CBF-90CD-19C44EFA75C7}.Debug|Any CPU.Build.0 = Debug|Any CPU
		{7A5F0EEA-F5CE-4CBF-90CD-19C44EFA75C7}.Debug|x64.ActiveCfg = Debug|Any CPU
		{7A5F0EEA-F5CE-4CBF-90CD-19C44EFA75C7}.Debug|x64.Build.0 = Debug|Any CPU
		{7A5F0EEA-F5CE-4CBF-90CD-19C44EFA75C7}.Debug|x86.ActiveCfg = Debug|Any CPU
		{7A5F0EEA-F5CE-4CBF-90CD-19C44EFA75C7}.Debug|x86.Build.0 = Debug|Any CPU
		{7A5F0EEA-F5CE-4CBF-90CD-19C44EFA75C7}.Release|Any CPU.ActiveCfg = Release|Any CPU
		{7A5F0EEA-F5CE-4CBF-90CD-19C44EFA75C7}.Release|Any CPU.Build.0 = Release|Any CPU
		{7A5F0EEA-F5CE-4CBF-90CD-19C44EFA75C7}.Release|x64.ActiveCfg = Release|Any CPU
		{7A5F0EEA-F5CE-4CBF-90CD-19C44EFA75C7}.Release|x64.Build.0 = Release|Any CPU
		{7A5F0EEA-F5CE-4CBF-90CD-19C44EFA75C7}.Release|x86.ActiveCfg = Release|Any CPU
		{7A5F0EEA-F5CE-4CBF-90CD-19C44EFA75C7}.Release|x86.Build.0 = Release|Any CPU
		{F033C54B-7EFC-41F8-8745-4C108EAC2FF3}.Debug|Any CPU.ActiveCfg = Debug|Any CPU
		{F033C54B-7EFC-41F8-8745-4C108EAC2FF3}.Debug|Any CPU.Build.0 = Debug|Any CPU
		{F033C54B-7EFC-41F8-8745-4C108EAC2FF3}.Debug|x64.ActiveCfg = Debug|Any CPU
		{F033C54B-7EFC-41F8-8745-4C108EAC2FF3}.Debug|x64.Build.0 = Debug|Any CPU
		{F033C54B-7EFC-41F8-8745-4C108EAC2FF3}.Debug|x86.ActiveCfg = Debug|Any CPU
		{F033C54B-7EFC-41F8-8745-4C108EAC2FF3}.Debug|x86.Build.0 = Debug|Any CPU
		{F033C54B-7EFC-41F8-8745-4C108EAC2FF3}.Release|Any CPU.ActiveCfg = Release|Any CPU
		{F033C54B-7EFC-41F8-8745-4C108EAC2FF3}.Release|Any CPU.Build.0 = Release|Any CPU
		{F033C54B-7EFC-41F8-8745-4C108EAC2FF3}.Release|x64.ActiveCfg = Release|Any CPU
		{F033C54B-7EFC-41F8-8745-4C108EAC2FF3}.Release|x64.Build.0 = Release|Any CPU
		{F033C54B-7EFC-41F8-8745-4C108EAC2FF3}.Release|x86.ActiveCfg = Release|Any CPU
		{F033C54B-7EFC-41F8-8745-4C108EAC2FF3}.Release|x86.Build.0 = Release|Any CPU
		{AED3C0FC-1A1C-465E-BAAF-53CA71F0CF03}.Debug|Any CPU.ActiveCfg = Debug|Any CPU
		{AED3C0FC-1A1C-465E-BAAF-53CA71F0CF03}.Debug|Any CPU.Build.0 = Debug|Any CPU
		{AED3C0FC-1A1C-465E-BAAF-53CA71F0CF03}.Debug|x64.ActiveCfg = Debug|Any CPU
		{AED3C0FC-1A1C-465E-BAAF-53CA71F0CF03}.Debug|x64.Build.0 = Debug|Any CPU
		{AED3C0FC-1A1C-465E-BAAF-53CA71F0CF03}.Debug|x86.ActiveCfg = Debug|Any CPU
		{AED3C0FC-1A1C-465E-BAAF-53CA71F0CF03}.Debug|x86.Build.0 = Debug|Any CPU
		{AED3C0FC-1A1C-465E-BAAF-53CA71F0CF03}.Release|Any CPU.ActiveCfg = Release|Any CPU
		{AED3C0FC-1A1C-465E-BAAF-53CA71F0CF03}.Release|Any CPU.Build.0 = Release|Any CPU
		{AED3C0FC-1A1C-465E-BAAF-53CA71F0CF03}.Release|x64.ActiveCfg = Release|Any CPU
		{AED3C0FC-1A1C-465E-BAAF-53CA71F0CF03}.Release|x64.Build.0 = Release|Any CPU
		{AED3C0FC-1A1C-465E-BAAF-53CA71F0CF03}.Release|x86.ActiveCfg = Release|Any CPU
		{AED3C0FC-1A1C-465E-BAAF-53CA71F0CF03}.Release|x86.Build.0 = Release|Any CPU
	EndGlobalSection
	GlobalSection(SolutionProperties) = preSolution
		HideSolutionNode = FALSE
	EndGlobalSection
	GlobalSection(NestedProjects) = preSolution
		{2004A7C1-2BFF-4BDB-985A-E46719693457} = {4959D891-907B-46B0-944E-B4D5A2A1A70B}
		{1D60E784-AEDE-42A8-A2A7-F3257DC4B6D2} = {2004A7C1-2BFF-4BDB-985A-E46719693457}
		{CEA48517-14C7-475C-97D0-05DD13B01589} = {2004A7C1-2BFF-4BDB-985A-E46719693457}
		{12344761-4AA2-4DB8-B306-65451CEA0944} = {4959D891-907B-46B0-944E-B4D5A2A1A70B}
		{91B0BA0B-204E-486F-8FE3-2599F61176AC} = {12344761-4AA2-4DB8-B306-65451CEA0944}
		{8CA07D18-A77E-4AE6-8688-63BAC836B4BD} = {0B3525A4-E808-4420-B920-48BD4DD08870}
		{CD06EB56-3DF9-427B-8DC4-63BCD6E1442A} = {0B3525A4-E808-4420-B920-48BD4DD08870}
		{32A2E3F5-837C-D6EA-1372-6E29A73F624D} = {4959D891-907B-46B0-944E-B4D5A2A1A70B}
		{F2A7FF18-FD9C-929D-05EA-DAC4705A769D} = {32A2E3F5-837C-D6EA-1372-6E29A73F624D}
		{BBF43FA7-E1BD-4AB5-A94A-23D6EE1D155E} = {F2A7FF18-FD9C-929D-05EA-DAC4705A769D}
		{3034CC16-8450-4DC3-A72D-A38139F2FAAE} = {F2A7FF18-FD9C-929D-05EA-DAC4705A769D}
		{0D240445-9BE1-4ED5-AD08-5BDF55A26978} = {F2A7FF18-FD9C-929D-05EA-DAC4705A769D}
		{E96BAA4A-4964-4247-9F4F-823F4ABC080F} = {F2A7FF18-FD9C-929D-05EA-DAC4705A769D}
		{B3C4D5E6-F2A7-4859-9061-A7B8C9D0E1F2} = {32A2E3F5-837C-D6EA-1372-6E29A73F624D}
		{7C0F3E12-4A8B-4C1D-9E52-63F0A1B2C3D4} = {B3C4D5E6-F2A7-4859-9061-A7B8C9D0E1F2}
		{8D1E4F23-5B9C-4D2E-AF63-7401B2C3D4E5} = {B3C4D5E6-F2A7-4859-9061-A7B8C9D0E1F2}
		{9E2F5A34-6C0D-4E3F-B074-8512C3D4E5F6} = {B3C4D5E6-F2A7-4859-9061-A7B8C9D0E1F2}
		{AF3A6B45-7D1E-4F40-C185-9623D4E5F607} = {B3C4D5E6-F2A7-4859-9061-A7B8C9D0E1F2}
		{02EA681E-C7D8-13C7-8484-4AC65E1B71E8} = {32A2E3F5-837C-D6EA-1372-6E29A73F624D}
		{82BCD76B-1F30-4CA1-83F7-73E51C137B20} = {02EA681E-C7D8-13C7-8484-4AC65E1B71E8}
		{7A5F0EEA-F5CE-4CBF-90CD-19C44EFA75C7} = {02EA681E-C7D8-13C7-8484-4AC65E1B71E8}
		{F033C54B-7EFC-41F8-8745-4C108EAC2FF3} = {02EA681E-C7D8-13C7-8484-4AC65E1B71E8}
		{AED3C0FC-1A1C-465E-BAAF-53CA71F0CF03} = {02EA681E-C7D8-13C7-8484-4AC65E1B71E8}
	EndGlobalSection
	GlobalSection(ExtensibilityGlobals) = postSolution
		SolutionGuid = {CB85A2C6-7735-458E-9379-547938463767}
	EndGlobalSection
EndGlobal
